// !$*UTF8*$!
{
	archiveVersion = 1;
	classes = {
	};
	objectVersion = 51;
	objects = {

/* Begin PBXBuildFile section */
		033A5A88D6C0417BD8674642 /* Pods_Fotopedia_FotopediaUITests.framework in Frameworks */ = {isa = PBXBuildFile; fileRef = 09D9E6570C976C538E42538F /* Pods_Fotopedia_FotopediaUITests.framework */; };
		1DBA8EF8267E6EB0007C6F77 /* AppDelegate.swift in Sources */ = {isa = PBXBuildFile; fileRef = 1DBA8EF7267E6EB0007C6F77 /* AppDelegate.swift */; };
		1DBA8EFA267E6EB0007C6F77 /* SceneDelegate.swift in Sources */ = {isa = PBXBuildFile; fileRef = 1DBA8EF9267E6EB0007C6F77 /* SceneDelegate.swift */; };
		1DBA8F01267E6EB1007C6F77 /* Assets.xcassets in Resources */ = {isa = PBXBuildFile; fileRef = 1DBA8F00267E6EB1007C6F77 /* Assets.xcassets */; };
		1DBA8F04267E6EB1007C6F77 /* LaunchScreen.storyboard in Resources */ = {isa = PBXBuildFile; fileRef = 1DBA8F02267E6EB1007C6F77 /* LaunchScreen.storyboard */; };
		1DBA8F0F267E6EB1007C6F77 /* FotopediaTests.swift in Sources */ = {isa = PBXBuildFile; fileRef = 1DBA8F0E267E6EB1007C6F77 /* FotopediaTests.swift */; };
		1DBA8F1A267E6EB1007C6F77 /* FotopediaUITests.swift in Sources */ = {isa = PBXBuildFile; fileRef = 1DBA8F19267E6EB1007C6F77 /* FotopediaUITests.swift */; };
		1DBA8F5C267E7389007C6F77 /* BaseBuilder.swift in Sources */ = {isa = PBXBuildFile; fileRef = 1DBA8F5B267E7389007C6F77 /* BaseBuilder.swift */; };
		1DBA8F64267E73A9007C6F77 /* BaseViewController.swift in Sources */ = {isa = PBXBuildFile; fileRef = 1DBA8F63267E73A9007C6F77 /* BaseViewController.swift */; };
		1DBA8F69267E73BC007C6F77 /* BaseSplitViewController.swift in Sources */ = {isa = PBXBuildFile; fileRef = 1DBA8F68267E73BC007C6F77 /* BaseSplitViewController.swift */; };
		1DBA8F6E267E73CB007C6F77 /* BaseInteractor.swift in Sources */ = {isa = PBXBuildFile; fileRef = 1DBA8F6D267E73CB007C6F77 /* BaseInteractor.swift */; };
		1DBA8F73267E73D9007C6F77 /* BaseProtocols.swift in Sources */ = {isa = PBXBuildFile; fileRef = 1DBA8F72267E73D9007C6F77 /* BaseProtocols.swift */; };
		1DBA8F78267E740A007C6F77 /* BasePresenter.swift in Sources */ = {isa = PBXBuildFile; fileRef = 1DBA8F77267E740A007C6F77 /* BasePresenter.swift */; };
		1DBA8F7D267E7413007C6F77 /* BaseRouter.swift in Sources */ = {isa = PBXBuildFile; fileRef = 1DBA8F7C267E7413007C6F77 /* BaseRouter.swift */; };
		1DBA8F85267E778B007C6F77 /* ImageLoaderProtocols.swift in Sources */ = {isa = PBXBuildFile; fileRef = 1DBA8F84267E778B007C6F77 /* ImageLoaderProtocols.swift */; };
		1DBA8F8B267E77F3007C6F77 /* RemoteImageLoader.swift in Sources */ = {isa = PBXBuildFile; fileRef = 1DBA8F8A267E77F3007C6F77 /* RemoteImageLoader.swift */; };
		1DBA8F94267E794B007C6F77 /* FlickrAPIService.swift in Sources */ = {isa = PBXBuildFile; fileRef = 1DBA8F93267E794B007C6F77 /* FlickrAPIService.swift */; };
		1DBA8F99267E79A6007C6F77 /* MoyaFlickrAPIService.swift in Sources */ = {isa = PBXBuildFile; fileRef = 1DBA8F98267E79A6007C6F77 /* MoyaFlickrAPIService.swift */; };
		1DBA8F9E267E7BFD007C6F77 /* MoyaImageNetworkManager.swift in Sources */ = {isa = PBXBuildFile; fileRef = 1DBA8F9D267E7BFD007C6F77 /* MoyaImageNetworkManager.swift */; };
		1DBA8FA6267E7CE9007C6F77 /* ImageData.swift in Sources */ = {isa = PBXBuildFile; fileRef = 1DBA8FA5267E7CE9007C6F77 /* ImageData.swift */; };
		1DBA8FAC267E7F58007C6F77 /* ImageSearchResponseParser.swift in Sources */ = {isa = PBXBuildFile; fileRef = 1DBA8FAB267E7F58007C6F77 /* ImageSearchResponseParser.swift */; };
		1DBA8FB4267E7F7F007C6F77 /* FlickrImageSearchResponseParser.swift in Sources */ = {isa = PBXBuildFile; fileRef = 1DBA8FB3267E7F7F007C6F77 /* FlickrImageSearchResponseParser.swift */; };
		1DBA8FDD267E8ED2007C6F77 /* ImageSearchPresenter.swift in Sources */ = {isa = PBXBuildFile; fileRef = 1DBA8FD5267E8ED2007C6F77 /* ImageSearchPresenter.swift */; };
		1DBA8FDE267E8ED2007C6F77 /* ImageSearchRouter.swift in Sources */ = {isa = PBXBuildFile; fileRef = 1DBA8FD6267E8ED2007C6F77 /* ImageSearchRouter.swift */; };
		1DBA8FDF267E8ED2007C6F77 /* ImageSearchViewController.storyboard in Resources */ = {isa = PBXBuildFile; fileRef = 1DBA8FD7267E8ED2007C6F77 /* ImageSearchViewController.storyboard */; };
		1DBA8FE0267E8ED2007C6F77 /* ImageSearchViewController.swift in Sources */ = {isa = PBXBuildFile; fileRef = 1DBA8FD8267E8ED2007C6F77 /* ImageSearchViewController.swift */; };
		1DBA8FE1267E8ED2007C6F77 /* ImageSearchProtocols.swift in Sources */ = {isa = PBXBuildFile; fileRef = 1DBA8FD9267E8ED2007C6F77 /* ImageSearchProtocols.swift */; };
		1DBA8FE2267E8ED2007C6F77 /* ImageSearchBuilder.swift in Sources */ = {isa = PBXBuildFile; fileRef = 1DBA8FDA267E8ED2007C6F77 /* ImageSearchBuilder.swift */; };
		1DBA8FE3267E8ED2007C6F77 /* ImageSearchInteractor.swift in Sources */ = {isa = PBXBuildFile; fileRef = 1DBA8FDB267E8ED2007C6F77 /* ImageSearchInteractor.swift */; };
		1DBA8FE4267E8ED2007C6F77 /* ImageSearchView.swift in Sources */ = {isa = PBXBuildFile; fileRef = 1DBA8FDC267E8ED2007C6F77 /* ImageSearchView.swift */; };
		1DBA8FF5267E8F0F007C6F77 /* ImageSearchMasterPresenter.swift in Sources */ = {isa = PBXBuildFile; fileRef = 1DBA8FED267E8F0E007C6F77 /* ImageSearchMasterPresenter.swift */; };
		1DBA8FF6267E8F0F007C6F77 /* ImageSearchMasterRouter.swift in Sources */ = {isa = PBXBuildFile; fileRef = 1DBA8FEE267E8F0E007C6F77 /* ImageSearchMasterRouter.swift */; };
		1DBA8FF7267E8F0F007C6F77 /* ImageSearchMasterViewController.storyboard in Resources */ = {isa = PBXBuildFile; fileRef = 1DBA8FEF267E8F0F007C6F77 /* ImageSearchMasterViewController.storyboard */; };
		1DBA8FF8267E8F0F007C6F77 /* ImageSearchMasterViewController.swift in Sources */ = {isa = PBXBuildFile; fileRef = 1DBA8FF0267E8F0F007C6F77 /* ImageSearchMasterViewController.swift */; };
		1DBA8FF9267E8F0F007C6F77 /* ImageSearchMasterProtocols.swift in Sources */ = {isa = PBXBuildFile; fileRef = 1DBA8FF1267E8F0F007C6F77 /* ImageSearchMasterProtocols.swift */; };
		1DBA8FFA267E8F0F007C6F77 /* ImageSearchMasterBuilder.swift in Sources */ = {isa = PBXBuildFile; fileRef = 1DBA8FF2267E8F0F007C6F77 /* ImageSearchMasterBuilder.swift */; };
		1DBA8FFB267E8F0F007C6F77 /* ImageSearchMasterInteractor.swift in Sources */ = {isa = PBXBuildFile; fileRef = 1DBA8FF3267E8F0F007C6F77 /* ImageSearchMasterInteractor.swift */; };
		1DBA8FFC267E8F0F007C6F77 /* ImageSearchMasterView.swift in Sources */ = {isa = PBXBuildFile; fileRef = 1DBA8FF4267E8F0F007C6F77 /* ImageSearchMasterView.swift */; };
		1DBA9008267E8F1A007C6F77 /* ImageSearchDetailPresenter.swift in Sources */ = {isa = PBXBuildFile; fileRef = 1DBA9000267E8F1A007C6F77 /* ImageSearchDetailPresenter.swift */; };
		1DBA9009267E8F1A007C6F77 /* ImageSearchDetailRouter.swift in Sources */ = {isa = PBXBuildFile; fileRef = 1DBA9001267E8F1A007C6F77 /* ImageSearchDetailRouter.swift */; };
		1DBA900A267E8F1A007C6F77 /* ImageSearchDetailViewController.storyboard in Resources */ = {isa = PBXBuildFile; fileRef = 1DBA9002267E8F1A007C6F77 /* ImageSearchDetailViewController.storyboard */; };
		1DBA900B267E8F1A007C6F77 /* ImageSearchDetailViewController.swift in Sources */ = {isa = PBXBuildFile; fileRef = 1DBA9003267E8F1A007C6F77 /* ImageSearchDetailViewController.swift */; };
		1DBA900C267E8F1A007C6F77 /* ImageSearchDetailProtocols.swift in Sources */ = {isa = PBXBuildFile; fileRef = 1DBA9004267E8F1A007C6F77 /* ImageSearchDetailProtocols.swift */; };
		1DBA900D267E8F1A007C6F77 /* ImageSearchDetailBuilder.swift in Sources */ = {isa = PBXBuildFile; fileRef = 1DBA9005267E8F1A007C6F77 /* ImageSearchDetailBuilder.swift */; };
		1DBA900E267E8F1A007C6F77 /* ImageSearchDetailInteractor.swift in Sources */ = {isa = PBXBuildFile; fileRef = 1DBA9006267E8F1A007C6F77 /* ImageSearchDetailInteractor.swift */; };
		1DBA900F267E8F1A007C6F77 /* ImageSearchDetailView.swift in Sources */ = {isa = PBXBuildFile; fileRef = 1DBA9007267E8F1A007C6F77 /* ImageSearchDetailView.swift */; };
		1DC1D99A267EB3F700B18B0D /* ImageCollectionViewCell.swift in Sources */ = {isa = PBXBuildFile; fileRef = 1DC1D999267EB3F700B18B0D /* ImageCollectionViewCell.swift */; };
		637BB798B09B399B54CFD749 /* Pods_Fotopedia.framework in Frameworks */ = {isa = PBXBuildFile; fileRef = 48F3FA71637E83656A93929F /* Pods_Fotopedia.framework */; };
		B488600F6B30A509B1B1A26B /* Pods_FotopediaTests.framework in Frameworks */ = {isa = PBXBuildFile; fileRef = 28D0F78250E1CFBC8DABBE85 /* Pods_FotopediaTests.framework */; };
/* End PBXBuildFile section */

/* Begin PBXContainerItemProxy section */
		1DBA8F0B267E6EB1007C6F77 /* PBXContainerItemProxy */ = {
			isa = PBXContainerItemProxy;
			containerPortal = 1DBA8EEC267E6EB0007C6F77 /* Project object */;
			proxyType = 1;
			remoteGlobalIDString = 1DBA8EF3267E6EB0007C6F77;
			remoteInfo = Fotopedia;
		};
		1DBA8F16267E6EB1007C6F77 /* PBXContainerItemProxy */ = {
			isa = PBXContainerItemProxy;
			containerPortal = 1DBA8EEC267E6EB0007C6F77 /* Project object */;
			proxyType = 1;
			remoteGlobalIDString = 1DBA8EF3267E6EB0007C6F77;
			remoteInfo = Fotopedia;
		};
/* End PBXContainerItemProxy section */

/* Begin PBXFileReference section */
		09D9E6570C976C538E42538F /* Pods_Fotopedia_FotopediaUITests.framework */ = {isa = PBXFileReference; explicitFileType = wrapper.framework; includeInIndex = 0; path = Pods_Fotopedia_FotopediaUITests.framework; sourceTree = BUILT_PRODUCTS_DIR; };
		1DBA8EF4267E6EB0007C6F77 /* Fotopedia.app */ = {isa = PBXFileReference; explicitFileType = wrapper.application; includeInIndex = 0; path = Fotopedia.app; sourceTree = BUILT_PRODUCTS_DIR; };
		1DBA8EF7267E6EB0007C6F77 /* AppDelegate.swift */ = {isa = PBXFileReference; lastKnownFileType = sourcecode.swift; path = AppDelegate.swift; sourceTree = "<group>"; };
		1DBA8EF9267E6EB0007C6F77 /* SceneDelegate.swift */ = {isa = PBXFileReference; lastKnownFileType = sourcecode.swift; path = SceneDelegate.swift; sourceTree = "<group>"; };
		1DBA8F00267E6EB1007C6F77 /* Assets.xcassets */ = {isa = PBXFileReference; lastKnownFileType = folder.assetcatalog; path = Assets.xcassets; sourceTree = "<group>"; };
		1DBA8F03267E6EB1007C6F77 /* Base */ = {isa = PBXFileReference; lastKnownFileType = file.storyboard; name = Base; path = Base.lproj/LaunchScreen.storyboard; sourceTree = "<group>"; };
		1DBA8F05267E6EB1007C6F77 /* Info.plist */ = {isa = PBXFileReference; lastKnownFileType = text.plist.xml; path = Info.plist; sourceTree = "<group>"; };
		1DBA8F0A267E6EB1007C6F77 /* FotopediaTests.xctest */ = {isa = PBXFileReference; explicitFileType = wrapper.cfbundle; includeInIndex = 0; path = FotopediaTests.xctest; sourceTree = BUILT_PRODUCTS_DIR; };
		1DBA8F0E267E6EB1007C6F77 /* FotopediaTests.swift */ = {isa = PBXFileReference; lastKnownFileType = sourcecode.swift; path = FotopediaTests.swift; sourceTree = "<group>"; };
		1DBA8F10267E6EB1007C6F77 /* Info.plist */ = {isa = PBXFileReference; lastKnownFileType = text.plist.xml; path = Info.plist; sourceTree = "<group>"; };
		1DBA8F15267E6EB1007C6F77 /* FotopediaUITests.xctest */ = {isa = PBXFileReference; explicitFileType = wrapper.cfbundle; includeInIndex = 0; path = FotopediaUITests.xctest; sourceTree = BUILT_PRODUCTS_DIR; };
		1DBA8F19267E6EB1007C6F77 /* FotopediaUITests.swift */ = {isa = PBXFileReference; lastKnownFileType = sourcecode.swift; path = FotopediaUITests.swift; sourceTree = "<group>"; };
		1DBA8F1B267E6EB1007C6F77 /* Info.plist */ = {isa = PBXFileReference; lastKnownFileType = text.plist.xml; path = Info.plist; sourceTree = "<group>"; };
		1DBA8F5B267E7389007C6F77 /* BaseBuilder.swift */ = {isa = PBXFileReference; lastKnownFileType = sourcecode.swift; path = BaseBuilder.swift; sourceTree = "<group>"; };
		1DBA8F63267E73A9007C6F77 /* BaseViewController.swift */ = {isa = PBXFileReference; lastKnownFileType = sourcecode.swift; path = BaseViewController.swift; sourceTree = "<group>"; };
		1DBA8F68267E73BC007C6F77 /* BaseSplitViewController.swift */ = {isa = PBXFileReference; lastKnownFileType = sourcecode.swift; path = BaseSplitViewController.swift; sourceTree = "<group>"; };
		1DBA8F6D267E73CB007C6F77 /* BaseInteractor.swift */ = {isa = PBXFileReference; lastKnownFileType = sourcecode.swift; path = BaseInteractor.swift; sourceTree = "<group>"; };
		1DBA8F72267E73D9007C6F77 /* BaseProtocols.swift */ = {isa = PBXFileReference; lastKnownFileType = sourcecode.swift; path = BaseProtocols.swift; sourceTree = "<group>"; };
		1DBA8F77267E740A007C6F77 /* BasePresenter.swift */ = {isa = PBXFileReference; lastKnownFileType = sourcecode.swift; path = BasePresenter.swift; sourceTree = "<group>"; };
		1DBA8F7C267E7413007C6F77 /* BaseRouter.swift */ = {isa = PBXFileReference; lastKnownFileType = sourcecode.swift; path = BaseRouter.swift; sourceTree = "<group>"; };
		1DBA8F84267E778B007C6F77 /* ImageLoaderProtocols.swift */ = {isa = PBXFileReference; lastKnownFileType = sourcecode.swift; path = ImageLoaderProtocols.swift; sourceTree = "<group>"; };
		1DBA8F8A267E77F3007C6F77 /* RemoteImageLoader.swift */ = {isa = PBXFileReference; lastKnownFileType = sourcecode.swift; path = RemoteImageLoader.swift; sourceTree = "<group>"; };
		1DBA8F93267E794B007C6F77 /* FlickrAPIService.swift */ = {isa = PBXFileReference; lastKnownFileType = sourcecode.swift; path = FlickrAPIService.swift; sourceTree = "<group>"; };
		1DBA8F98267E79A6007C6F77 /* MoyaFlickrAPIService.swift */ = {isa = PBXFileReference; lastKnownFileType = sourcecode.swift; path = MoyaFlickrAPIService.swift; sourceTree = "<group>"; };
		1DBA8F9D267E7BFD007C6F77 /* MoyaImageNetworkManager.swift */ = {isa = PBXFileReference; lastKnownFileType = sourcecode.swift; path = MoyaImageNetworkManager.swift; sourceTree = "<group>"; };
		1DBA8FA5267E7CE9007C6F77 /* ImageData.swift */ = {isa = PBXFileReference; lastKnownFileType = sourcecode.swift; path = ImageData.swift; sourceTree = "<group>"; };
		1DBA8FAB267E7F58007C6F77 /* ImageSearchResponseParser.swift */ = {isa = PBXFileReference; lastKnownFileType = sourcecode.swift; path = ImageSearchResponseParser.swift; sourceTree = "<group>"; };
		1DBA8FB3267E7F7F007C6F77 /* FlickrImageSearchResponseParser.swift */ = {isa = PBXFileReference; lastKnownFileType = sourcecode.swift; path = FlickrImageSearchResponseParser.swift; sourceTree = "<group>"; };
		1DBA8FD5267E8ED2007C6F77 /* ImageSearchPresenter.swift */ = {isa = PBXFileReference; lastKnownFileType = sourcecode.swift; path = ImageSearchPresenter.swift; sourceTree = "<group>"; };
		1DBA8FD6267E8ED2007C6F77 /* ImageSearchRouter.swift */ = {isa = PBXFileReference; lastKnownFileType = sourcecode.swift; path = ImageSearchRouter.swift; sourceTree = "<group>"; };
		1DBA8FD7267E8ED2007C6F77 /* ImageSearchViewController.storyboard */ = {isa = PBXFileReference; lastKnownFileType = file.storyboard; path = ImageSearchViewController.storyboard; sourceTree = "<group>"; };
		1DBA8FD8267E8ED2007C6F77 /* ImageSearchViewController.swift */ = {isa = PBXFileReference; lastKnownFileType = sourcecode.swift; path = ImageSearchViewController.swift; sourceTree = "<group>"; };
		1DBA8FD9267E8ED2007C6F77 /* ImageSearchProtocols.swift */ = {isa = PBXFileReference; lastKnownFileType = sourcecode.swift; path = ImageSearchProtocols.swift; sourceTree = "<group>"; };
		1DBA8FDA267E8ED2007C6F77 /* ImageSearchBuilder.swift */ = {isa = PBXFileReference; lastKnownFileType = sourcecode.swift; path = ImageSearchBuilder.swift; sourceTree = "<group>"; };
		1DBA8FDB267E8ED2007C6F77 /* ImageSearchInteractor.swift */ = {isa = PBXFileReference; lastKnownFileType = sourcecode.swift; path = ImageSearchInteractor.swift; sourceTree = "<group>"; };
		1DBA8FDC267E8ED2007C6F77 /* ImageSearchView.swift */ = {isa = PBXFileReference; lastKnownFileType = sourcecode.swift; path = ImageSearchView.swift; sourceTree = "<group>"; };
		1DBA8FED267E8F0E007C6F77 /* ImageSearchMasterPresenter.swift */ = {isa = PBXFileReference; lastKnownFileType = sourcecode.swift; path = ImageSearchMasterPresenter.swift; sourceTree = "<group>"; };
		1DBA8FEE267E8F0E007C6F77 /* ImageSearchMasterRouter.swift */ = {isa = PBXFileReference; lastKnownFileType = sourcecode.swift; path = ImageSearchMasterRouter.swift; sourceTree = "<group>"; };
		1DBA8FEF267E8F0F007C6F77 /* ImageSearchMasterViewController.storyboard */ = {isa = PBXFileReference; lastKnownFileType = file.storyboard; path = ImageSearchMasterViewController.storyboard; sourceTree = "<group>"; };
		1DBA8FF0267E8F0F007C6F77 /* ImageSearchMasterViewController.swift */ = {isa = PBXFileReference; lastKnownFileType = sourcecode.swift; path = ImageSearchMasterViewController.swift; sourceTree = "<group>"; };
		1DBA8FF1267E8F0F007C6F77 /* ImageSearchMasterProtocols.swift */ = {isa = PBXFileReference; lastKnownFileType = sourcecode.swift; path = ImageSearchMasterProtocols.swift; sourceTree = "<group>"; };
		1DBA8FF2267E8F0F007C6F77 /* ImageSearchMasterBuilder.swift */ = {isa = PBXFileReference; lastKnownFileType = sourcecode.swift; path = ImageSearchMasterBuilder.swift; sourceTree = "<group>"; };
		1DBA8FF3267E8F0F007C6F77 /* ImageSearchMasterInteractor.swift */ = {isa = PBXFileReference; lastKnownFileType = sourcecode.swift; path = ImageSearchMasterInteractor.swift; sourceTree = "<group>"; };
		1DBA8FF4267E8F0F007C6F77 /* ImageSearchMasterView.swift */ = {isa = PBXFileReference; lastKnownFileType = sourcecode.swift; path = ImageSearchMasterView.swift; sourceTree = "<group>"; };
		1DBA9000267E8F1A007C6F77 /* ImageSearchDetailPresenter.swift */ = {isa = PBXFileReference; lastKnownFileType = sourcecode.swift; path = ImageSearchDetailPresenter.swift; sourceTree = "<group>"; };
		1DBA9001267E8F1A007C6F77 /* ImageSearchDetailRouter.swift */ = {isa = PBXFileReference; lastKnownFileType = sourcecode.swift; path = ImageSearchDetailRouter.swift; sourceTree = "<group>"; };
		1DBA9002267E8F1A007C6F77 /* ImageSearchDetailViewController.storyboard */ = {isa = PBXFileReference; lastKnownFileType = file.storyboard; path = ImageSearchDetailViewController.storyboard; sourceTree = "<group>"; };
		1DBA9003267E8F1A007C6F77 /* ImageSearchDetailViewController.swift */ = {isa = PBXFileReference; lastKnownFileType = sourcecode.swift; path = ImageSearchDetailViewController.swift; sourceTree = "<group>"; };
		1DBA9004267E8F1A007C6F77 /* ImageSearchDetailProtocols.swift */ = {isa = PBXFileReference; lastKnownFileType = sourcecode.swift; path = ImageSearchDetailProtocols.swift; sourceTree = "<group>"; };
		1DBA9005267E8F1A007C6F77 /* ImageSearchDetailBuilder.swift */ = {isa = PBXFileReference; lastKnownFileType = sourcecode.swift; path = ImageSearchDetailBuilder.swift; sourceTree = "<group>"; };
		1DBA9006267E8F1A007C6F77 /* ImageSearchDetailInteractor.swift */ = {isa = PBXFileReference; lastKnownFileType = sourcecode.swift; path = ImageSearchDetailInteractor.swift; sourceTree = "<group>"; };
		1DBA9007267E8F1A007C6F77 /* ImageSearchDetailView.swift */ = {isa = PBXFileReference; lastKnownFileType = sourcecode.swift; path = ImageSearchDetailView.swift; sourceTree = "<group>"; };
		1DC1D999267EB3F700B18B0D /* ImageCollectionViewCell.swift */ = {isa = PBXFileReference; lastKnownFileType = sourcecode.swift; path = ImageCollectionViewCell.swift; sourceTree = "<group>"; };
		28D0F78250E1CFBC8DABBE85 /* Pods_FotopediaTests.framework */ = {isa = PBXFileReference; explicitFileType = wrapper.framework; includeInIndex = 0; path = Pods_FotopediaTests.framework; sourceTree = BUILT_PRODUCTS_DIR; };
		3435C0724A1265835298081F /* Pods-FotopediaTests.release.xcconfig */ = {isa = PBXFileReference; includeInIndex = 1; lastKnownFileType = text.xcconfig; name = "Pods-FotopediaTests.release.xcconfig"; path = "Target Support Files/Pods-FotopediaTests/Pods-FotopediaTests.release.xcconfig"; sourceTree = "<group>"; };
		364FFCC4C305DD869EC59564 /* Pods-Fotopedia-FotopediaUITests.debug.xcconfig */ = {isa = PBXFileReference; includeInIndex = 1; lastKnownFileType = text.xcconfig; name = "Pods-Fotopedia-FotopediaUITests.debug.xcconfig"; path = "Target Support Files/Pods-Fotopedia-FotopediaUITests/Pods-Fotopedia-FotopediaUITests.debug.xcconfig"; sourceTree = "<group>"; };
		48F3FA71637E83656A93929F /* Pods_Fotopedia.framework */ = {isa = PBXFileReference; explicitFileType = wrapper.framework; includeInIndex = 0; path = Pods_Fotopedia.framework; sourceTree = BUILT_PRODUCTS_DIR; };
		5A917B982F67A63EAB62E2FC /* Pods-Fotopedia-FotopediaUITests.release.xcconfig */ = {isa = PBXFileReference; includeInIndex = 1; lastKnownFileType = text.xcconfig; name = "Pods-Fotopedia-FotopediaUITests.release.xcconfig"; path = "Target Support Files/Pods-Fotopedia-FotopediaUITests/Pods-Fotopedia-FotopediaUITests.release.xcconfig"; sourceTree = "<group>"; };
		94AB4011C054592FDF5A557C /* Pods-Fotopedia.release.xcconfig */ = {isa = PBXFileReference; includeInIndex = 1; lastKnownFileType = text.xcconfig; name = "Pods-Fotopedia.release.xcconfig"; path = "Target Support Files/Pods-Fotopedia/Pods-Fotopedia.release.xcconfig"; sourceTree = "<group>"; };
		9BC7E267D0DD53EA3EA18516 /* Pods-FotopediaTests.debug.xcconfig */ = {isa = PBXFileReference; includeInIndex = 1; lastKnownFileType = text.xcconfig; name = "Pods-FotopediaTests.debug.xcconfig"; path = "Target Support Files/Pods-FotopediaTests/Pods-FotopediaTests.debug.xcconfig"; sourceTree = "<group>"; };
		B6D1B74DCAA477F98FF2E72A /* Pods-Fotopedia.debug.xcconfig */ = {isa = PBXFileReference; includeInIndex = 1; lastKnownFileType = text.xcconfig; name = "Pods-Fotopedia.debug.xcconfig"; path = "Target Support Files/Pods-Fotopedia/Pods-Fotopedia.debug.xcconfig"; sourceTree = "<group>"; };
/* End PBXFileReference section */

/* Begin PBXFrameworksBuildPhase section */
		1DBA8EF1267E6EB0007C6F77 /* Frameworks */ = {
			isa = PBXFrameworksBuildPhase;
			buildActionMask = 2147483647;
			files = (
				637BB798B09B399B54CFD749 /* Pods_Fotopedia.framework in Frameworks */,
			);
			runOnlyForDeploymentPostprocessing = 0;
		};
		1DBA8F07267E6EB1007C6F77 /* Frameworks */ = {
			isa = PBXFrameworksBuildPhase;
			buildActionMask = 2147483647;
			files = (
				B488600F6B30A509B1B1A26B /* Pods_FotopediaTests.framework in Frameworks */,
			);
			runOnlyForDeploymentPostprocessing = 0;
		};
		1DBA8F12267E6EB1007C6F77 /* Frameworks */ = {
			isa = PBXFrameworksBuildPhase;
			buildActionMask = 2147483647;
			files = (
				033A5A88D6C0417BD8674642 /* Pods_Fotopedia_FotopediaUITests.framework in Frameworks */,
			);
			runOnlyForDeploymentPostprocessing = 0;
		};
/* End PBXFrameworksBuildPhase section */

/* Begin PBXGroup section */
		17AD9ADC9BAB27F2B0A51B1A /* Pods */ = {
			isa = PBXGroup;
			children = (
				B6D1B74DCAA477F98FF2E72A /* Pods-Fotopedia.debug.xcconfig */,
				94AB4011C054592FDF5A557C /* Pods-Fotopedia.release.xcconfig */,
				364FFCC4C305DD869EC59564 /* Pods-Fotopedia-FotopediaUITests.debug.xcconfig */,
				5A917B982F67A63EAB62E2FC /* Pods-Fotopedia-FotopediaUITests.release.xcconfig */,
				9BC7E267D0DD53EA3EA18516 /* Pods-FotopediaTests.debug.xcconfig */,
				3435C0724A1265835298081F /* Pods-FotopediaTests.release.xcconfig */,
			);
			path = Pods;
			sourceTree = "<group>";
		};
		1DBA8EEB267E6EB0007C6F77 = {
			isa = PBXGroup;
			children = (
				1DBA8EF6267E6EB0007C6F77 /* Fotopedia */,
				1DBA8F0D267E6EB1007C6F77 /* FotopediaTests */,
				1DBA8F18267E6EB1007C6F77 /* FotopediaUITests */,
				1DBA8EF5267E6EB0007C6F77 /* Products */,
				17AD9ADC9BAB27F2B0A51B1A /* Pods */,
				D239612BCAEA790B205D7D4D /* Frameworks */,
			);
			sourceTree = "<group>";
		};
		1DBA8EF5267E6EB0007C6F77 /* Products */ = {
			isa = PBXGroup;
			children = (
				1DBA8EF4267E6EB0007C6F77 /* Fotopedia.app */,
				1DBA8F0A267E6EB1007C6F77 /* FotopediaTests.xctest */,
				1DBA8F15267E6EB1007C6F77 /* FotopediaUITests.xctest */,
			);
			name = Products;
			sourceTree = "<group>";
		};
		1DBA8EF6267E6EB0007C6F77 /* Fotopedia */ = {
			isa = PBXGroup;
			children = (
				1DBA8F40267E70E9007C6F77 /* Scenes */,
				1DBA8F41267E70F5007C6F77 /* Entities */,
				1DBA8F82267E7755007C6F77 /* Image_Loader */,
				1DBA8F42267E7105007C6F77 /* Utilities */,
				1DBA8F43267E711D007C6F77 /* Custom_Views */,
				1DBA8F44267E7124007C6F77 /* Storyboards */,
				1DBA8F45267E712E007C6F77 /* Resources */,
				1DBA8F46267E7132007C6F77 /* Supporting_Files */,
			);
			path = Fotopedia;
			sourceTree = "<group>";
		};
		1DBA8F0D267E6EB1007C6F77 /* FotopediaTests */ = {
			isa = PBXGroup;
			children = (
				1DBA8F0E267E6EB1007C6F77 /* FotopediaTests.swift */,
				1DBA8F10267E6EB1007C6F77 /* Info.plist */,
			);
			path = FotopediaTests;
			sourceTree = "<group>";
		};
		1DBA8F18267E6EB1007C6F77 /* FotopediaUITests */ = {
			isa = PBXGroup;
			children = (
				1DBA8F19267E6EB1007C6F77 /* FotopediaUITests.swift */,
				1DBA8F1B267E6EB1007C6F77 /* Info.plist */,
			);
			path = FotopediaUITests;
			sourceTree = "<group>";
		};
		1DBA8F40267E70E9007C6F77 /* Scenes */ = {
			isa = PBXGroup;
			children = (
				1DBA8F5A267E7364007C6F77 /* Base_Scene */,
				1DBA8FD1267E8E5E007C6F77 /* Image_Search */,
				1DBA8FEB267E8EE4007C6F77 /* Image_Search_Master */,
				1DBA8FEC267E8EEB007C6F77 /* Image_Search_Detail */,
			);
			path = Scenes;
			sourceTree = "<group>";
		};
		1DBA8F41267E70F5007C6F77 /* Entities */ = {
			isa = PBXGroup;
			children = (
				1DBA8FA5267E7CE9007C6F77 /* ImageData.swift */,
			);
			path = Entities;
			sourceTree = "<group>";
		};
		1DBA8F42267E7105007C6F77 /* Utilities */ = {
			isa = PBXGroup;
			children = (
			);
			path = Utilities;
			sourceTree = "<group>";
		};
		1DBA8F43267E711D007C6F77 /* Custom_Views */ = {
			isa = PBXGroup;
			children = (
				1DC1D998267EB3B000B18B0D /* Collection_VIew_Cells */,
			);
			path = Custom_Views;
			sourceTree = "<group>";
		};
		1DBA8F44267E7124007C6F77 /* Storyboards */ = {
			isa = PBXGroup;
			children = (
				1DBA8F02267E6EB1007C6F77 /* LaunchScreen.storyboard */,
				1DBA8FD7267E8ED2007C6F77 /* ImageSearchViewController.storyboard */,
				1DBA8FEF267E8F0F007C6F77 /* ImageSearchMasterViewController.storyboard */,
				1DBA9002267E8F1A007C6F77 /* ImageSearchDetailViewController.storyboard */,
			);
			path = Storyboards;
			sourceTree = "<group>";
		};
		1DBA8F45267E712E007C6F77 /* Resources */ = {
			isa = PBXGroup;
			children = (
				1DBA8F47267E7165007C6F77 /* Xcode_Assets */,
			);
			path = Resources;
			sourceTree = "<group>";
		};
		1DBA8F46267E7132007C6F77 /* Supporting_Files */ = {
			isa = PBXGroup;
			children = (
				1DBA8EF7267E6EB0007C6F77 /* AppDelegate.swift */,
				1DBA8EF9267E6EB0007C6F77 /* SceneDelegate.swift */,
				1DBA8F05267E6EB1007C6F77 /* Info.plist */,
			);
			path = Supporting_Files;
			sourceTree = "<group>";
		};
		1DBA8F47267E7165007C6F77 /* Xcode_Assets */ = {
			isa = PBXGroup;
			children = (
				1DBA8F00267E6EB1007C6F77 /* Assets.xcassets */,
			);
			path = Xcode_Assets;
			sourceTree = "<group>";
		};
		1DBA8F5A267E7364007C6F77 /* Base_Scene */ = {
			isa = PBXGroup;
			children = (
				1DBA8F5B267E7389007C6F77 /* BaseBuilder.swift */,
				1DBA8F63267E73A9007C6F77 /* BaseViewController.swift */,
				1DBA8F68267E73BC007C6F77 /* BaseSplitViewController.swift */,
				1DBA8F6D267E73CB007C6F77 /* BaseInteractor.swift */,
				1DBA8F72267E73D9007C6F77 /* BaseProtocols.swift */,
				1DBA8F77267E740A007C6F77 /* BasePresenter.swift */,
				1DBA8F7C267E7413007C6F77 /* BaseRouter.swift */,
			);
			path = Base_Scene;
			sourceTree = "<group>";
		};
		1DBA8F82267E7755007C6F77 /* Image_Loader */ = {
			isa = PBXGroup;
			children = (
				1DBA8F83267E7778007C6F77 /* Core */,
				1DBA8F89267E77D9007C6F77 /* Remote */,
				1DBA8F92267E7904007C6F77 /* Remote_Provider */,
				1DBA8FAA267E7F44007C6F77 /* Parsers */,
			);
			path = Image_Loader;
			sourceTree = "<group>";
		};
		1DBA8F83267E7778007C6F77 /* Core */ = {
			isa = PBXGroup;
			children = (
				1DBA8F84267E778B007C6F77 /* ImageLoaderProtocols.swift */,
			);
			path = Core;
			sourceTree = "<group>";
		};
		1DBA8F89267E77D9007C6F77 /* Remote */ = {
			isa = PBXGroup;
			children = (
				1DBA8F8A267E77F3007C6F77 /* RemoteImageLoader.swift */,
				1DBA8F93267E794B007C6F77 /* FlickrAPIService.swift */,
			);
			path = Remote;
			sourceTree = "<group>";
		};
		1DBA8F92267E7904007C6F77 /* Remote_Provider */ = {
			isa = PBXGroup;
			children = (
				1DBA8F9D267E7BFD007C6F77 /* MoyaImageNetworkManager.swift */,
				1DBA8F98267E79A6007C6F77 /* MoyaFlickrAPIService.swift */,
			);
			path = Remote_Provider;
			sourceTree = "<group>";
		};
		1DBA8FAA267E7F44007C6F77 /* Parsers */ = {
			isa = PBXGroup;
			children = (
				1DBA8FAB267E7F58007C6F77 /* ImageSearchResponseParser.swift */,
				1DBA8FB3267E7F7F007C6F77 /* FlickrImageSearchResponseParser.swift */,
			);
			path = Parsers;
			sourceTree = "<group>";
		};
		1DBA8FD1267E8E5E007C6F77 /* Image_Search */ = {
			isa = PBXGroup;
			children = (
				1DBA8FDA267E8ED2007C6F77 /* ImageSearchBuilder.swift */,
				1DBA8FD8267E8ED2007C6F77 /* ImageSearchViewController.swift */,
				1DBA8FDB267E8ED2007C6F77 /* ImageSearchInteractor.swift */,
				1DBA8FD5267E8ED2007C6F77 /* ImageSearchPresenter.swift */,
				1DBA8FD9267E8ED2007C6F77 /* ImageSearchProtocols.swift */,
				1DBA8FD6267E8ED2007C6F77 /* ImageSearchRouter.swift */,
				1DBA8FDC267E8ED2007C6F77 /* ImageSearchView.swift */,
			);
			path = Image_Search;
			sourceTree = "<group>";
		};
		1DBA8FEB267E8EE4007C6F77 /* Image_Search_Master */ = {
			isa = PBXGroup;
			children = (
				1DBA8FF2267E8F0F007C6F77 /* ImageSearchMasterBuilder.swift */,
				1DBA8FF0267E8F0F007C6F77 /* ImageSearchMasterViewController.swift */,
				1DBA8FF3267E8F0F007C6F77 /* ImageSearchMasterInteractor.swift */,
				1DBA8FED267E8F0E007C6F77 /* ImageSearchMasterPresenter.swift */,
				1DBA8FF1267E8F0F007C6F77 /* ImageSearchMasterProtocols.swift */,
				1DBA8FEE267E8F0E007C6F77 /* ImageSearchMasterRouter.swift */,
				1DBA8FF4267E8F0F007C6F77 /* ImageSearchMasterView.swift */,
			);
			path = Image_Search_Master;
			sourceTree = "<group>";
		};
		1DBA8FEC267E8EEB007C6F77 /* Image_Search_Detail */ = {
			isa = PBXGroup;
			children = (
				1DBA9005267E8F1A007C6F77 /* ImageSearchDetailBuilder.swift */,
				1DBA9003267E8F1A007C6F77 /* ImageSearchDetailViewController.swift */,
				1DBA9006267E8F1A007C6F77 /* ImageSearchDetailInteractor.swift */,
				1DBA9000267E8F1A007C6F77 /* ImageSearchDetailPresenter.swift */,
				1DBA9004267E8F1A007C6F77 /* ImageSearchDetailProtocols.swift */,
				1DBA9001267E8F1A007C6F77 /* ImageSearchDetailRouter.swift */,
				1DBA9007267E8F1A007C6F77 /* ImageSearchDetailView.swift */,
			);
			path = Image_Search_Detail;
			sourceTree = "<group>";
		};
		1DC1D998267EB3B000B18B0D /* Collection_VIew_Cells */ = {
			isa = PBXGroup;
			children = (
				1DC1D999267EB3F700B18B0D /* ImageCollectionViewCell.swift */,
			);
			path = Collection_VIew_Cells;
			sourceTree = "<group>";
		};
		D239612BCAEA790B205D7D4D /* Frameworks */ = {
			isa = PBXGroup;
			children = (
				48F3FA71637E83656A93929F /* Pods_Fotopedia.framework */,
				09D9E6570C976C538E42538F /* Pods_Fotopedia_FotopediaUITests.framework */,
				28D0F78250E1CFBC8DABBE85 /* Pods_FotopediaTests.framework */,
			);
			name = Frameworks;
			sourceTree = "<group>";
		};
/* End PBXGroup section */

/* Begin PBXNativeTarget section */
		1DBA8EF3267E6EB0007C6F77 /* Fotopedia */ = {
			isa = PBXNativeTarget;
			buildConfigurationList = 1DBA8F1E267E6EB1007C6F77 /* Build configuration list for PBXNativeTarget "Fotopedia" */;
			buildPhases = (
				CE8A55057EDC9DD8455A5B5A /* [CP] Check Pods Manifest.lock */,
				1DBA8EF0267E6EB0007C6F77 /* Sources */,
				1DBA8EF1267E6EB0007C6F77 /* Frameworks */,
				1DBA8EF2267E6EB0007C6F77 /* Resources */,
				A95C429631904803191CA723 /* [CP] Embed Pods Frameworks */,
			);
			buildRules = (
			);
			dependencies = (
			);
			name = Fotopedia;
			productName = Fotopedia;
			productReference = 1DBA8EF4267E6EB0007C6F77 /* Fotopedia.app */;
			productType = "com.apple.product-type.application";
		};
		1DBA8F09267E6EB1007C6F77 /* FotopediaTests */ = {
			isa = PBXNativeTarget;
			buildConfigurationList = 1DBA8F21267E6EB1007C6F77 /* Build configuration list for PBXNativeTarget "FotopediaTests" */;
			buildPhases = (
				72EFD39D97AD464C50511810 /* [CP] Check Pods Manifest.lock */,
				1DBA8F06267E6EB1007C6F77 /* Sources */,
				1DBA8F07267E6EB1007C6F77 /* Frameworks */,
				1DBA8F08267E6EB1007C6F77 /* Resources */,
			);
			buildRules = (
			);
			dependencies = (
				1DBA8F0C267E6EB1007C6F77 /* PBXTargetDependency */,
			);
			name = FotopediaTests;
			productName = FotopediaTests;
			productReference = 1DBA8F0A267E6EB1007C6F77 /* FotopediaTests.xctest */;
			productType = "com.apple.product-type.bundle.unit-test";
		};
		1DBA8F14267E6EB1007C6F77 /* FotopediaUITests */ = {
			isa = PBXNativeTarget;
			buildConfigurationList = 1DBA8F24267E6EB1007C6F77 /* Build configuration list for PBXNativeTarget "FotopediaUITests" */;
			buildPhases = (
				B5CF9456153FDFE21E618642 /* [CP] Check Pods Manifest.lock */,
				1DBA8F11267E6EB1007C6F77 /* Sources */,
				1DBA8F12267E6EB1007C6F77 /* Frameworks */,
				1DBA8F13267E6EB1007C6F77 /* Resources */,
				65956ACA104C2BD14ED1BD53 /* [CP] Embed Pods Frameworks */,
			);
			buildRules = (
			);
			dependencies = (
				1DBA8F17267E6EB1007C6F77 /* PBXTargetDependency */,
			);
			name = FotopediaUITests;
			productName = FotopediaUITests;
			productReference = 1DBA8F15267E6EB1007C6F77 /* FotopediaUITests.xctest */;
			productType = "com.apple.product-type.bundle.ui-testing";
		};
/* End PBXNativeTarget section */

/* Begin PBXProject section */
		1DBA8EEC267E6EB0007C6F77 /* Project object */ = {
			isa = PBXProject;
			attributes = {
				LastSwiftUpdateCheck = 1240;
				LastUpgradeCheck = 1240;
				TargetAttributes = {
					1DBA8EF3267E6EB0007C6F77 = {
						CreatedOnToolsVersion = 12.4;
					};
					1DBA8F09267E6EB1007C6F77 = {
						CreatedOnToolsVersion = 12.4;
						TestTargetID = 1DBA8EF3267E6EB0007C6F77;
					};
					1DBA8F14267E6EB1007C6F77 = {
						CreatedOnToolsVersion = 12.4;
						TestTargetID = 1DBA8EF3267E6EB0007C6F77;
					};
				};
			};
			buildConfigurationList = 1DBA8EEF267E6EB0007C6F77 /* Build configuration list for PBXProject "Fotopedia" */;
			compatibilityVersion = "Xcode 9.3";
			developmentRegion = en;
			hasScannedForEncodings = 0;
			knownRegions = (
				en,
				Base,
			);
			mainGroup = 1DBA8EEB267E6EB0007C6F77;
			productRefGroup = 1DBA8EF5267E6EB0007C6F77 /* Products */;
			projectDirPath = "";
			projectRoot = "";
			targets = (
				1DBA8EF3267E6EB0007C6F77 /* Fotopedia */,
				1DBA8F09267E6EB1007C6F77 /* FotopediaTests */,
				1DBA8F14267E6EB1007C6F77 /* FotopediaUITests */,
			);
		};
/* End PBXProject section */

/* Begin PBXResourcesBuildPhase section */
		1DBA8EF2267E6EB0007C6F77 /* Resources */ = {
			isa = PBXResourcesBuildPhase;
			buildActionMask = 2147483647;
			files = (
				1DBA8F04267E6EB1007C6F77 /* LaunchScreen.storyboard in Resources */,
				1DBA8FF7267E8F0F007C6F77 /* ImageSearchMasterViewController.storyboard in Resources */,
				1DBA8F01267E6EB1007C6F77 /* Assets.xcassets in Resources */,
				1DBA900A267E8F1A007C6F77 /* ImageSearchDetailViewController.storyboard in Resources */,
				1DBA8FDF267E8ED2007C6F77 /* ImageSearchViewController.storyboard in Resources */,
			);
			runOnlyForDeploymentPostprocessing = 0;
		};
		1DBA8F08267E6EB1007C6F77 /* Resources */ = {
			isa = PBXResourcesBuildPhase;
			buildActionMask = 2147483647;
			files = (
			);
			runOnlyForDeploymentPostprocessing = 0;
		};
		1DBA8F13267E6EB1007C6F77 /* Resources */ = {
			isa = PBXResourcesBuildPhase;
			buildActionMask = 2147483647;
			files = (
			);
			runOnlyForDeploymentPostprocessing = 0;
		};
/* End PBXResourcesBuildPhase section */

/* Begin PBXShellScriptBuildPhase section */
		65956ACA104C2BD14ED1BD53 /* [CP] Embed Pods Frameworks */ = {
			isa = PBXShellScriptBuildPhase;
			buildActionMask = 2147483647;
			files = (
			);
			inputFileListPaths = (
				"${PODS_ROOT}/Target Support Files/Pods-Fotopedia-FotopediaUITests/Pods-Fotopedia-FotopediaUITests-frameworks-${CONFIGURATION}-input-files.xcfilelist",
			);
			name = "[CP] Embed Pods Frameworks";
			outputFileListPaths = (
				"${PODS_ROOT}/Target Support Files/Pods-Fotopedia-FotopediaUITests/Pods-Fotopedia-FotopediaUITests-frameworks-${CONFIGURATION}-output-files.xcfilelist",
			);
			runOnlyForDeploymentPostprocessing = 0;
			shellPath = /bin/sh;
			shellScript = "\"${PODS_ROOT}/Target Support Files/Pods-Fotopedia-FotopediaUITests/Pods-Fotopedia-FotopediaUITests-frameworks.sh\"\n";
			showEnvVarsInLog = 0;
		};
		72EFD39D97AD464C50511810 /* [CP] Check Pods Manifest.lock */ = {
			isa = PBXShellScriptBuildPhase;
			buildActionMask = 2147483647;
			files = (
			);
			inputFileListPaths = (
			);
			inputPaths = (
				"${PODS_PODFILE_DIR_PATH}/Podfile.lock",
				"${PODS_ROOT}/Manifest.lock",
			);
			name = "[CP] Check Pods Manifest.lock";
			outputFileListPaths = (
			);
			outputPaths = (
				"$(DERIVED_FILE_DIR)/Pods-FotopediaTests-checkManifestLockResult.txt",
			);
			runOnlyForDeploymentPostprocessing = 0;
			shellPath = /bin/sh;
			shellScript = "diff \"${PODS_PODFILE_DIR_PATH}/Podfile.lock\" \"${PODS_ROOT}/Manifest.lock\" > /dev/null\nif [ $? != 0 ] ; then\n    # print error to STDERR\n    echo \"error: The sandbox is not in sync with the Podfile.lock. Run 'pod install' or update your CocoaPods installation.\" >&2\n    exit 1\nfi\n# This output is used by Xcode 'outputs' to avoid re-running this script phase.\necho \"SUCCESS\" > \"${SCRIPT_OUTPUT_FILE_0}\"\n";
			showEnvVarsInLog = 0;
		};
		A95C429631904803191CA723 /* [CP] Embed Pods Frameworks */ = {
			isa = PBXShellScriptBuildPhase;
			buildActionMask = 2147483647;
			files = (
			);
			inputFileListPaths = (
				"${PODS_ROOT}/Target Support Files/Pods-Fotopedia/Pods-Fotopedia-frameworks-${CONFIGURATION}-input-files.xcfilelist",
			);
			name = "[CP] Embed Pods Frameworks";
			outputFileListPaths = (
				"${PODS_ROOT}/Target Support Files/Pods-Fotopedia/Pods-Fotopedia-frameworks-${CONFIGURATION}-output-files.xcfilelist",
			);
			runOnlyForDeploymentPostprocessing = 0;
			shellPath = /bin/sh;
			shellScript = "\"${PODS_ROOT}/Target Support Files/Pods-Fotopedia/Pods-Fotopedia-frameworks.sh\"\n";
			showEnvVarsInLog = 0;
		};
		B5CF9456153FDFE21E618642 /* [CP] Check Pods Manifest.lock */ = {
			isa = PBXShellScriptBuildPhase;
			buildActionMask = 2147483647;
			files = (
			);
			inputFileListPaths = (
			);
			inputPaths = (
				"${PODS_PODFILE_DIR_PATH}/Podfile.lock",
				"${PODS_ROOT}/Manifest.lock",
			);
			name = "[CP] Check Pods Manifest.lock";
			outputFileListPaths = (
			);
			outputPaths = (
				"$(DERIVED_FILE_DIR)/Pods-Fotopedia-FotopediaUITests-checkManifestLockResult.txt",
			);
			runOnlyForDeploymentPostprocessing = 0;
			shellPath = /bin/sh;
			shellScript = "diff \"${PODS_PODFILE_DIR_PATH}/Podfile.lock\" \"${PODS_ROOT}/Manifest.lock\" > /dev/null\nif [ $? != 0 ] ; then\n    # print error to STDERR\n    echo \"error: The sandbox is not in sync with the Podfile.lock. Run 'pod install' or update your CocoaPods installation.\" >&2\n    exit 1\nfi\n# This output is used by Xcode 'outputs' to avoid re-running this script phase.\necho \"SUCCESS\" > \"${SCRIPT_OUTPUT_FILE_0}\"\n";
			showEnvVarsInLog = 0;
		};
		CE8A55057EDC9DD8455A5B5A /* [CP] Check Pods Manifest.lock */ = {
			isa = PBXShellScriptBuildPhase;
			buildActionMask = 2147483647;
			files = (
			);
			inputFileListPaths = (
			);
			inputPaths = (
				"${PODS_PODFILE_DIR_PATH}/Podfile.lock",
				"${PODS_ROOT}/Manifest.lock",
			);
			name = "[CP] Check Pods Manifest.lock";
			outputFileListPaths = (
			);
			outputPaths = (
				"$(DERIVED_FILE_DIR)/Pods-Fotopedia-checkManifestLockResult.txt",
			);
			runOnlyForDeploymentPostprocessing = 0;
			shellPath = /bin/sh;
			shellScript = "diff \"${PODS_PODFILE_DIR_PATH}/Podfile.lock\" \"${PODS_ROOT}/Manifest.lock\" > /dev/null\nif [ $? != 0 ] ; then\n    # print error to STDERR\n    echo \"error: The sandbox is not in sync with the Podfile.lock. Run 'pod install' or update your CocoaPods installation.\" >&2\n    exit 1\nfi\n# This output is used by Xcode 'outputs' to avoid re-running this script phase.\necho \"SUCCESS\" > \"${SCRIPT_OUTPUT_FILE_0}\"\n";
			showEnvVarsInLog = 0;
		};
/* End PBXShellScriptBuildPhase section */

/* Begin PBXSourcesBuildPhase section */
		1DBA8EF0267E6EB0007C6F77 /* Sources */ = {
			isa = PBXSourcesBuildPhase;
			buildActionMask = 2147483647;
			files = (
				1DBA8F9E267E7BFD007C6F77 /* MoyaImageNetworkManager.swift in Sources */,
				1DBA8F85267E778B007C6F77 /* ImageLoaderProtocols.swift in Sources */,
				1DBA8FDD267E8ED2007C6F77 /* ImageSearchPresenter.swift in Sources */,
				1DBA900F267E8F1A007C6F77 /* ImageSearchDetailView.swift in Sources */,
				1DBA8FE1267E8ED2007C6F77 /* ImageSearchProtocols.swift in Sources */,
				1DBA900D267E8F1A007C6F77 /* ImageSearchDetailBuilder.swift in Sources */,
				1DBA8FE3267E8ED2007C6F77 /* ImageSearchInteractor.swift in Sources */,
				1DBA9009267E8F1A007C6F77 /* ImageSearchDetailRouter.swift in Sources */,
				1DBA8EF8267E6EB0007C6F77 /* AppDelegate.swift in Sources */,
				1DBA8F7D267E7413007C6F77 /* BaseRouter.swift in Sources */,
				1DBA8F78267E740A007C6F77 /* BasePresenter.swift in Sources */,
				1DBA8FF8267E8F0F007C6F77 /* ImageSearchMasterViewController.swift in Sources */,
				1DBA900E267E8F1A007C6F77 /* ImageSearchDetailInteractor.swift in Sources */,
				1DBA8FFC267E8F0F007C6F77 /* ImageSearchMasterView.swift in Sources */,
				1DBA8FE0267E8ED2007C6F77 /* ImageSearchViewController.swift in Sources */,
				1DC1D99A267EB3F700B18B0D /* ImageCollectionViewCell.swift in Sources */,
				1DBA8FFB267E8F0F007C6F77 /* ImageSearchMasterInteractor.swift in Sources */,
				1DBA900C267E8F1A007C6F77 /* ImageSearchDetailProtocols.swift in Sources */,
				1DBA8F64267E73A9007C6F77 /* BaseViewController.swift in Sources */,
				1DBA8F99267E79A6007C6F77 /* MoyaFlickrAPIService.swift in Sources */,
				1DBA8EFA267E6EB0007C6F77 /* SceneDelegate.swift in Sources */,
				1DBA8FE2267E8ED2007C6F77 /* ImageSearchBuilder.swift in Sources */,
				1DBA8FDE267E8ED2007C6F77 /* ImageSearchRouter.swift in Sources */,
				1DBA8FF5267E8F0F007C6F77 /* ImageSearchMasterPresenter.swift in Sources */,
				1DBA8FB4267E7F7F007C6F77 /* FlickrImageSearchResponseParser.swift in Sources */,
				1DBA8FA6267E7CE9007C6F77 /* ImageData.swift in Sources */,
				1DBA8F5C267E7389007C6F77 /* BaseBuilder.swift in Sources */,
				1DBA8F69267E73BC007C6F77 /* BaseSplitViewController.swift in Sources */,
				1DBA8F8B267E77F3007C6F77 /* RemoteImageLoader.swift in Sources */,
				1DBA8FF6267E8F0F007C6F77 /* ImageSearchMasterRouter.swift in Sources */,
				1DBA8F73267E73D9007C6F77 /* BaseProtocols.swift in Sources */,
				1DBA8FE4267E8ED2007C6F77 /* ImageSearchView.swift in Sources */,
				1DBA8F6E267E73CB007C6F77 /* BaseInteractor.swift in Sources */,
				1DBA8F94267E794B007C6F77 /* FlickrAPIService.swift in Sources */,
				1DBA900B267E8F1A007C6F77 /* ImageSearchDetailViewController.swift in Sources */,
				1DBA8FFA267E8F0F007C6F77 /* ImageSearchMasterBuilder.swift in Sources */,
				1DBA8FF9267E8F0F007C6F77 /* ImageSearchMasterProtocols.swift in Sources */,
				1DBA9008267E8F1A007C6F77 /* ImageSearchDetailPresenter.swift in Sources */,
				1DBA8FAC267E7F58007C6F77 /* ImageSearchResponseParser.swift in Sources */,
			);
			runOnlyForDeploymentPostprocessing = 0;
		};
		1DBA8F06267E6EB1007C6F77 /* Sources */ = {
			isa = PBXSourcesBuildPhase;
			buildActionMask = 2147483647;
			files = (
				1DBA8F0F267E6EB1007C6F77 /* FotopediaTests.swift in Sources */,
			);
			runOnlyForDeploymentPostprocessing = 0;
		};
		1DBA8F11267E6EB1007C6F77 /* Sources */ = {
			isa = PBXSourcesBuildPhase;
			buildActionMask = 2147483647;
			files = (
				1DBA8F1A267E6EB1007C6F77 /* FotopediaUITests.swift in Sources */,
			);
			runOnlyForDeploymentPostprocessing = 0;
		};
/* End PBXSourcesBuildPhase section */

/* Begin PBXTargetDependency section */
		1DBA8F0C267E6EB1007C6F77 /* PBXTargetDependency */ = {
			isa = PBXTargetDependency;
			target = 1DBA8EF3267E6EB0007C6F77 /* Fotopedia */;
			targetProxy = 1DBA8F0B267E6EB1007C6F77 /* PBXContainerItemProxy */;
		};
		1DBA8F17267E6EB1007C6F77 /* PBXTargetDependency */ = {
			isa = PBXTargetDependency;
			target = 1DBA8EF3267E6EB0007C6F77 /* Fotopedia */;
			targetProxy = 1DBA8F16267E6EB1007C6F77 /* PBXContainerItemProxy */;
		};
/* End PBXTargetDependency section */

/* Begin PBXVariantGroup section */
		1DBA8F02267E6EB1007C6F77 /* LaunchScreen.storyboard */ = {
			isa = PBXVariantGroup;
			children = (
				1DBA8F03267E6EB1007C6F77 /* Base */,
			);
			name = LaunchScreen.storyboard;
			sourceTree = "<group>";
		};
/* End PBXVariantGroup section */

/* Begin XCBuildConfiguration section */
		1DBA8F1C267E6EB1007C6F77 /* Debug */ = {
			isa = XCBuildConfiguration;
			buildSettings = {
				ALWAYS_SEARCH_USER_PATHS = NO;
				CLANG_ANALYZER_NONNULL = YES;
				CLANG_ANALYZER_NUMBER_OBJECT_CONVERSION = YES_AGGRESSIVE;
				CLANG_CXX_LANGUAGE_STANDARD = "gnu++14";
				CLANG_CXX_LIBRARY = "libc++";
				CLANG_ENABLE_MODULES = YES;
				CLANG_ENABLE_OBJC_ARC = YES;
				CLANG_ENABLE_OBJC_WEAK = YES;
				CLANG_WARN_BLOCK_CAPTURE_AUTORELEASING = YES;
				CLANG_WARN_BOOL_CONVERSION = YES;
				CLANG_WARN_COMMA = YES;
				CLANG_WARN_CONSTANT_CONVERSION = YES;
				CLANG_WARN_DEPRECATED_OBJC_IMPLEMENTATIONS = YES;
				CLANG_WARN_DIRECT_OBJC_ISA_USAGE = YES_ERROR;
				CLANG_WARN_DOCUMENTATION_COMMENTS = YES;
				CLANG_WARN_EMPTY_BODY = YES;
				CLANG_WARN_ENUM_CONVERSION = YES;
				CLANG_WARN_INFINITE_RECURSION = YES;
				CLANG_WARN_INT_CONVERSION = YES;
				CLANG_WARN_NON_LITERAL_NULL_CONVERSION = YES;
				CLANG_WARN_OBJC_IMPLICIT_RETAIN_SELF = YES;
				CLANG_WARN_OBJC_LITERAL_CONVERSION = YES;
				CLANG_WARN_OBJC_ROOT_CLASS = YES_ERROR;
				CLANG_WARN_QUOTED_INCLUDE_IN_FRAMEWORK_HEADER = YES;
				CLANG_WARN_RANGE_LOOP_ANALYSIS = YES;
				CLANG_WARN_STRICT_PROTOTYPES = YES;
				CLANG_WARN_SUSPICIOUS_MOVE = YES;
				CLANG_WARN_UNGUARDED_AVAILABILITY = YES_AGGRESSIVE;
				CLANG_WARN_UNREACHABLE_CODE = YES;
				CLANG_WARN__DUPLICATE_METHOD_MATCH = YES;
				COPY_PHASE_STRIP = NO;
				DEBUG_INFORMATION_FORMAT = dwarf;
				ENABLE_STRICT_OBJC_MSGSEND = YES;
				ENABLE_TESTABILITY = YES;
				GCC_C_LANGUAGE_STANDARD = gnu11;
				GCC_DYNAMIC_NO_PIC = NO;
				GCC_NO_COMMON_BLOCKS = YES;
				GCC_OPTIMIZATION_LEVEL = 0;
				GCC_PREPROCESSOR_DEFINITIONS = (
					"DEBUG=1",
					"$(inherited)",
				);
				GCC_WARN_64_TO_32_BIT_CONVERSION = YES;
				GCC_WARN_ABOUT_RETURN_TYPE = YES_ERROR;
				GCC_WARN_UNDECLARED_SELECTOR = YES;
				GCC_WARN_UNINITIALIZED_AUTOS = YES_AGGRESSIVE;
				GCC_WARN_UNUSED_FUNCTION = YES;
				GCC_WARN_UNUSED_VARIABLE = YES;
				IPHONEOS_DEPLOYMENT_TARGET = 14.4;
				MTL_ENABLE_DEBUG_INFO = INCLUDE_SOURCE;
				MTL_FAST_MATH = YES;
				ONLY_ACTIVE_ARCH = YES;
				SDKROOT = iphoneos;
				SWIFT_ACTIVE_COMPILATION_CONDITIONS = DEBUG;
				SWIFT_OPTIMIZATION_LEVEL = "-Onone";
			};
			name = Debug;
		};
		1DBA8F1D267E6EB1007C6F77 /* Release */ = {
			isa = XCBuildConfiguration;
			buildSettings = {
				ALWAYS_SEARCH_USER_PATHS = NO;
				CLANG_ANALYZER_NONNULL = YES;
				CLANG_ANALYZER_NUMBER_OBJECT_CONVERSION = YES_AGGRESSIVE;
				CLANG_CXX_LANGUAGE_STANDARD = "gnu++14";
				CLANG_CXX_LIBRARY = "libc++";
				CLANG_ENABLE_MODULES = YES;
				CLANG_ENABLE_OBJC_ARC = YES;
				CLANG_ENABLE_OBJC_WEAK = YES;
				CLANG_WARN_BLOCK_CAPTURE_AUTORELEASING = YES;
				CLANG_WARN_BOOL_CONVERSION = YES;
				CLANG_WARN_COMMA = YES;
				CLANG_WARN_CONSTANT_CONVERSION = YES;
				CLANG_WARN_DEPRECATED_OBJC_IMPLEMENTATIONS = YES;
				CLANG_WARN_DIRECT_OBJC_ISA_USAGE = YES_ERROR;
				CLANG_WARN_DOCUMENTATION_COMMENTS = YES;
				CLANG_WARN_EMPTY_BODY = YES;
				CLANG_WARN_ENUM_CONVERSION = YES;
				CLANG_WARN_INFINITE_RECURSION = YES;
				CLANG_WARN_INT_CONVERSION = YES;
				CLANG_WARN_NON_LITERAL_NULL_CONVERSION = YES;
				CLANG_WARN_OBJC_IMPLICIT_RETAIN_SELF = YES;
				CLANG_WARN_OBJC_LITERAL_CONVERSION = YES;
				CLANG_WARN_OBJC_ROOT_CLASS = YES_ERROR;
				CLANG_WARN_QUOTED_INCLUDE_IN_FRAMEWORK_HEADER = YES;
				CLANG_WARN_RANGE_LOOP_ANALYSIS = YES;
				CLANG_WARN_STRICT_PROTOTYPES = YES;
				CLANG_WARN_SUSPICIOUS_MOVE = YES;
				CLANG_WARN_UNGUARDED_AVAILABILITY = YES_AGGRESSIVE;
				CLANG_WARN_UNREACHABLE_CODE = YES;
				CLANG_WARN__DUPLICATE_METHOD_MATCH = YES;
				COPY_PHASE_STRIP = NO;
				DEBUG_INFORMATION_FORMAT = "dwarf-with-dsym";
				ENABLE_NS_ASSERTIONS = NO;
				ENABLE_STRICT_OBJC_MSGSEND = YES;
				GCC_C_LANGUAGE_STANDARD = gnu11;
				GCC_NO_COMMON_BLOCKS = YES;
				GCC_WARN_64_TO_32_BIT_CONVERSION = YES;
				GCC_WARN_ABOUT_RETURN_TYPE = YES_ERROR;
				GCC_WARN_UNDECLARED_SELECTOR = YES;
				GCC_WARN_UNINITIALIZED_AUTOS = YES_AGGRESSIVE;
				GCC_WARN_UNUSED_FUNCTION = YES;
				GCC_WARN_UNUSED_VARIABLE = YES;
				IPHONEOS_DEPLOYMENT_TARGET = 14.4;
				MTL_ENABLE_DEBUG_INFO = NO;
				MTL_FAST_MATH = YES;
				SDKROOT = iphoneos;
				SWIFT_COMPILATION_MODE = wholemodule;
				SWIFT_OPTIMIZATION_LEVEL = "-O";
				VALIDATE_PRODUCT = YES;
			};
			name = Release;
		};
		1DBA8F1F267E6EB1007C6F77 /* Debug */ = {
			isa = XCBuildConfiguration;
			baseConfigurationReference = B6D1B74DCAA477F98FF2E72A /* Pods-Fotopedia.debug.xcconfig */;
			buildSettings = {
				ASSETCATALOG_COMPILER_APPICON_NAME = AppIcon;
				ASSETCATALOG_COMPILER_GLOBAL_ACCENT_COLOR_NAME = AccentColor;
				CODE_SIGN_STYLE = Automatic;
				DEVELOPMENT_TEAM = T44TZL3ZF6;
				INFOPLIST_FILE = Fotopedia/Supporting_Files/Info.plist;
				LD_RUNPATH_SEARCH_PATHS = (
					"$(inherited)",
					"@executable_path/Frameworks",
				);
				PRODUCT_BUNDLE_IDENTIFIER = com.mobiquity.Fotopedia;
				PRODUCT_NAME = "$(TARGET_NAME)";
				SWIFT_VERSION = 5.0;
				TARGETED_DEVICE_FAMILY = "1,2";
			};
			name = Debug;
		};
		1DBA8F20267E6EB1007C6F77 /* Release */ = {
			isa = XCBuildConfiguration;
			baseConfigurationReference = 94AB4011C054592FDF5A557C /* Pods-Fotopedia.release.xcconfig */;
			buildSettings = {
				ASSETCATALOG_COMPILER_APPICON_NAME = AppIcon;
				ASSETCATALOG_COMPILER_GLOBAL_ACCENT_COLOR_NAME = AccentColor;
				CODE_SIGN_STYLE = Automatic;
				DEVELOPMENT_TEAM = T44TZL3ZF6;
				INFOPLIST_FILE = Fotopedia/Supporting_Files/Info.plist;
				LD_RUNPATH_SEARCH_PATHS = (
					"$(inherited)",
					"@executable_path/Frameworks",
				);
				PRODUCT_BUNDLE_IDENTIFIER = com.mobiquity.Fotopedia;
				PRODUCT_NAME = "$(TARGET_NAME)";
				SWIFT_VERSION = 5.0;
				TARGETED_DEVICE_FAMILY = "1,2";
			};
			name = Release;
		};
		1DBA8F22267E6EB1007C6F77 /* Debug */ = {
			isa = XCBuildConfiguration;
			baseConfigurationReference = 9BC7E267D0DD53EA3EA18516 /* Pods-FotopediaTests.debug.xcconfig */;
			buildSettings = {
				ALWAYS_EMBED_SWIFT_STANDARD_LIBRARIES = YES;
				BUNDLE_LOADER = "$(TEST_HOST)";
				CODE_SIGN_STYLE = Automatic;
				DEVELOPMENT_TEAM = T44TZL3ZF6;
				INFOPLIST_FILE = FotopediaTests/Info.plist;
				IPHONEOS_DEPLOYMENT_TARGET = 14.4;
				LD_RUNPATH_SEARCH_PATHS = (
					"$(inherited)",
					"@executable_path/Frameworks",
					"@loader_path/Frameworks",
				);
				PRODUCT_BUNDLE_IDENTIFIER = com.mobiquity.FotopediaTests;
				PRODUCT_NAME = "$(TARGET_NAME)";
				SWIFT_VERSION = 5.0;
				TARGETED_DEVICE_FAMILY = "1,2";
				TEST_HOST = "$(BUILT_PRODUCTS_DIR)/Fotopedia.app/Fotopedia";
			};
			name = Debug;
		};
		1DBA8F23267E6EB1007C6F77 /* Release */ = {
			isa = XCBuildConfiguration;
			baseConfigurationReference = 3435C0724A1265835298081F /* Pods-FotopediaTests.release.xcconfig */;
			buildSettings = {
				ALWAYS_EMBED_SWIFT_STANDARD_LIBRARIES = YES;
				BUNDLE_LOADER = "$(TEST_HOST)";
				CODE_SIGN_STYLE = Automatic;
				DEVELOPMENT_TEAM = T44TZL3ZF6;
				INFOPLIST_FILE = FotopediaTests/Info.plist;
				IPHONEOS_DEPLOYMENT_TARGET = 14.4;
				LD_RUNPATH_SEARCH_PATHS = (
					"$(inherited)",
					"@executable_path/Frameworks",
					"@loader_path/Frameworks",
				);
				PRODUCT_BUNDLE_IDENTIFIER = com.mobiquity.FotopediaTests;
				PRODUCT_NAME = "$(TARGET_NAME)";
				SWIFT_VERSION = 5.0;
				TARGETED_DEVICE_FAMILY = "1,2";
				TEST_HOST = "$(BUILT_PRODUCTS_DIR)/Fotopedia.app/Fotopedia";
			};
			name = Release;
		};
		1DBA8F25267E6EB1007C6F77 /* Debug */ = {
			isa = XCBuildConfiguration;
			baseConfigurationReference = 364FFCC4C305DD869EC59564 /* Pods-Fotopedia-FotopediaUITests.debug.xcconfig */;
			buildSettings = {
				ALWAYS_EMBED_SWIFT_STANDARD_LIBRARIES = YES;
				CODE_SIGN_STYLE = Automatic;
				DEVELOPMENT_TEAM = T44TZL3ZF6;
				INFOPLIST_FILE = FotopediaUITests/Info.plist;
				LD_RUNPATH_SEARCH_PATHS = (
					"$(inherited)",
					"@executable_path/Frameworks",
					"@loader_path/Frameworks",
				);
				PRODUCT_BUNDLE_IDENTIFIER = com.mobiquity.FotopediaUITests;
				PRODUCT_NAME = "$(TARGET_NAME)";
				SWIFT_VERSION = 5.0;
				TARGETED_DEVICE_FAMILY = "1,2";
				TEST_TARGET_NAME = Fotopedia;
			};
			name = Debug;
		};
		1DBA8F26267E6EB1007C6F77 /* Release */ = {
			isa = XCBuildConfiguration;
			baseConfigurationReference = 5A917B982F67A63EAB62E2FC /* Pods-Fotopedia-FotopediaUITests.release.xcconfig */;
			buildSettings = {
				ALWAYS_EMBED_SWIFT_STANDARD_LIBRARIES = YES;
				CODE_SIGN_STYLE = Automatic;
				DEVELOPMENT_TEAM = T44TZL3ZF6;
				INFOPLIST_FILE = FotopediaUITests/Info.plist;
				LD_RUNPATH_SEARCH_PATHS = (
					"$(inherited)",
					"@executable_path/Frameworks",
					"@loader_path/Frameworks",
				);
				PRODUCT_BUNDLE_IDENTIFIER = com.mobiquity.FotopediaUITests;
				PRODUCT_NAME = "$(TARGET_NAME)";
				SWIFT_VERSION = 5.0;
				TARGETED_DEVICE_FAMILY = "1,2";
				TEST_TARGET_NAME = Fotopedia;
			};
			name = Release;
		};
/* End XCBuildConfiguration section */

/* Begin XCConfigurationList section */
		1DBA8EEF267E6EB0007C6F77 /* Build configuration list for PBXProject "Fotopedia" */ = {
			isa = XCConfigurationList;
			buildConfigurations = (
				1DBA8F1C267E6EB1007C6F77 /* Debug */,
				1DBA8F1D267E6EB1007C6F77 /* Release */,
			);
			defaultConfigurationIsVisible = 0;
			defaultConfigurationName = Release;
		};
		1DBA8F1E267E6EB1007C6F77 /* Build configuration list for PBXNativeTarget "Fotopedia" */ = {
			isa = XCConfigurationList;
			buildConfigurations = (
				1DBA8F1F267E6EB1007C6F77 /* Debug */,
				1DBA8F20267E6EB1007C6F77 /* Release */,
			);
			defaultConfigurationIsVisible = 0;
			defaultConfigurationName = Release;
		};
		1DBA8F21267E6EB1007C6F77 /* Build configuration list for PBXNativeTarget "FotopediaTests" */ = {
			isa = XCConfigurationList;
			buildConfigurations = (
				1DBA8F22267E6EB1007C6F77 /* Debug */,
				1DBA8F23267E6EB1007C6F77 /* Release */,
			);
			defaultConfigurationIsVisible = 0;
			defaultConfigurationName = Release;
		};
		1DBA8F24267E6EB1007C6F77 /* Build configuration list for PBXNativeTarget "FotopediaUITests" */ = {
			isa = XCConfigurationList;
			buildConfigurations = (
				1DBA8F25267E6EB1007C6F77 /* Debug */,
				1DBA8F26267E6EB1007C6F77 /* Release */,
			);
			defaultConfigurationIsVisible = 0;
			defaultConfigurationName = Release;
		};
/* End XCConfigurationList section */
	};
	rootObject = 1DBA8EEC267E6EB0007C6F77 /* Project object */;
}
